{
  "name": "nvim",
  "lockfileVersion": 3,
  "requires": true,
  "packages": {
    "": {
      "dependencies": {
        "tree-sitter-cli": "^0.25.1"
      }
    },
    "node_modules/tree-sitter-cli": {
      "version": "0.25.1",
      "resolved": "https://registry.npmjs.org/tree-sitter-cli/-/tree-sitter-cli-0.25.1.tgz",
      "integrity": "sha512-lSPYp/fs0trQHSn0UsptFNKuD9wO+DKiX1UgrNt+pg+vfvQVUGXRPd0vc6ikkpY3i616j9dNTDja2JWGbmjC+Q==",
      "hasInstallScript": true,
      "bin": {
        "tree-sitter": "cli.js"
      },
      "engines": {
        "node": ">=12.0.0"
      }
    }
  }
}
